
Microsoft Visual Studio Solution File, Format Version 12.00
# Visual Studio Version 16
VisualStudioVersion = 16.0.30225.117
MinimumVisualStudioVersion = 10.0.40219.1
Project("{FAE04EC0-301F-11D3-BF4B-00C04F79EFBC}") = "WinformsApp1", "WinformsApp1.csproj", "{489CA6C6-8AD0-4887-BF9A-715F71CE6538}"
EndProject
Project("{FAE04EC0-301F-11D3-BF4B-00C04F79EFBC}") = "WebApplication1", "..\WebApplication1\WebApplication1.csproj", "{70D1182C-4284-45F3-A785-92B347AB22E1}"
EndProject
Project("{FAE04EC0-301F-11D3-BF4B-00C04F79EFBC}") = "ConsoleApp1", "..\ConsoleApp1\ConsoleApp1.csproj", "{5AC6FD56-8016-4311-9490-E977608F1F29}"
EndProject
Project("{FAE04EC0-301F-11D3-BF4B-00C04F79EFBC}") = "Chat", "..\Chat\Chat.csproj", "{8A46ACB4-AD8C-4ACA-8CC1-BAAB2603AF33}"
EndProject
Project("{FAE04EC0-301F-11D3-BF4B-00C04F79EFBC}") = "TypeScriptHTMLApp1", "..\TypeScriptHTMLApp1\TypeScriptHTMLApp1.csproj", "{2574F603-4B6C-4A30-BFDD-E3BC09EEDFDF}"
EndProject
Project("{2150E333-8FDC-42A3-9474-1A3956D46DE8}") = "Projects", "Projects", "{C12B3ACD-673B-4920-AED5-D24D9EC66D27}"
EndProject
Project("{FAE04EC0-301F-11D3-BF4B-00C04F79EFBC}") = "Chat.Winforms", "..\Chat.Winforms\Chat.Winforms.csproj", "{115C7435-DD02-4F3D-AC54-C78018A9DA71}"
EndProject
Project("{FAE04EC0-301F-11D3-BF4B-00C04F79EFBC}") = "Chat.Web", "..\Chat.Web\Chat.Web.csproj", "{7163238F-E9AC-4039-AB27-8C10C85A97A8}"
EndProject
Project("{FAE04EC0-301F-11D3-BF4B-00C04F79EFBC}") = "Chat.DAL", "..\Chat.DAL\Chat.DAL.csproj", "{7E66930C-CE56-4B82-8963-E7E346F9E78E}"
EndProject
Project("{FAE04EC0-301F-11D3-BF4B-00C04F79EFBC}") = "Chat.BL", "..\Chat.BL\Chat.BL.csproj", "{BC7B7C8B-5B2E-4FCC-9619-1FDF1272496E}"
EndProject
Project("{FAE04EC0-301F-11D3-BF4B-00C04F79EFBC}") = "Chat.WebClient", "..\Chat.WebClient\Chat.WebClient.csproj", "{331ED846-C10A-4DE7-8294-A572A0937AD4}"
EndProject
Project("{FAE04EC0-301F-11D3-BF4B-00C04F79EFBC}") = "Chat.WebClient.Angular", "..\Chat.WebClient.Angular\Chat.WebClient.Angular.csproj", "{8E20F741-1AB4-4798-87DF-12407144716F}"
EndProject
Project("{9A19103F-16F7-4668-BE54-9A1E7A4F7556}") = "Emule.Web", "..\Emule.Web\Emule.Web.csproj", "{D2E07440-2D4D-4E63-B9D4-F238A1891F3D}"
EndProject
Project("{2150E333-8FDC-42A3-9474-1A3956D46DE8}") = "Chat", "Chat", "{AC432480-F548-4701-A647-4DBE14F3915A}"
EndProject
Project("{FAE04EC0-301F-11D3-BF4B-00C04F79EFBC}") = "Emule.Web.Client", "..\Emule.Web.Client\Emule.Web.Client.csproj", "{56F7272C-9531-4333-93A5-FA65DAD74E50}"
EndProject
Project("{2150E333-8FDC-42A3-9474-1A3956D46DE8}") = "Emule", "Emule", "{84ECFC9D-490F-4667-86EA-D07B1290AD7D}"
EndProject
Project("{2150E333-8FDC-42A3-9474-1A3956D46DE8}") = "Translator", "Translator", "{59F412EA-8F7F-4BFC-A6F7-3EDB9A0F5686}"
EndProject
Project("{9A19103F-16F7-4668-BE54-9A1E7A4F7556}") = "Translator.Web", "..\Translator.Web\Translator.Web.csproj", "{3F50B46E-AF08-4E59-AF9B-E2514AFFEC10}"
EndProject
Project("{FAE04EC0-301F-11D3-BF4B-00C04F79EFBC}") = "Translator.Web.Client", "..\Translator.Web.Client\Translator.Web.Client.csproj", "{31C8560C-FD72-49B6-939E-B6D317CE4240}"
EndProject
Project("{2150E333-8FDC-42A3-9474-1A3956D46DE8}") = "Shufersal", "Shufersal", "{4DEF597B-86E9-41FB-9572-52C15261E60E}"
EndProject
Project("{FAE04EC0-301F-11D3-BF4B-00C04F79EFBC}") = "Shufersal.Web", "..\Shufersal.Web\Shufersal.Web.csproj", "{69288061-7708-4A33-A9F2-836891D06466}"
EndProject
Project("{FAE04EC0-301F-11D3-BF4B-00C04F79EFBC}") = "Shufersal.Web.Client", "..\Shufersal.Web.Client\Shufersal.Web.Client.csproj", "{D5458575-189A-4027-A22B-33EB8830AB7F}"
EndProject
Project("{9092AA53-FB77-4645-B42D-1CCCA6BD08BD}") = "Shufersal.Web.NodeJS", "..\Shufersal.Web.NodeJS\Shufersal.Web.NodeJS.njsproj", "{BC702E86-CB8A-41E0-91F6-940B3DEF0FA4}"
EndProject
Project("{FAE04EC0-301F-11D3-BF4B-00C04F79EFBC}") = "Shufersal.Web.Client.Angular", "..\Shufersal.Web.Client.Angular\Shufersal.Web.Client.Angular.csproj", "{57F90D3F-5419-4AEF-B966-98104F3A7692}"
EndProject
Project("{888888A0-9F3D-457C-B088-3A5042F75D52}") = "Shufersal.Web.Python", "..\Shufersal.Web.Python\Shufersal.Web.Python.pyproj", "{9CEA7F66-3C85-45E9-880A-F0A01A3D05AA}"
EndProject
Project("{888888A0-9F3D-457C-B088-3A5042F75D52}") = "Shufersal.Web.Python.Django", "..\Shufersal.Web.Python.Django\Shufersal.Web.Python.Django.pyproj", "{1AF5354B-2A0C-48BF-9827-C40098B0E878}"
EndProject
Global
	GlobalSection(SolutionConfigurationPlatforms) = preSolution
		Debug|Any CPU = Debug|Any CPU
		Release|Any CPU = Release|Any CPU
	EndGlobalSection
	GlobalSection(ProjectConfigurationPlatforms) = postSolution
		{489CA6C6-8AD0-4887-BF9A-715F71CE6538}.Debug|Any CPU.ActiveCfg = Debug|Any CPU
		{489CA6C6-8AD0-4887-BF9A-715F71CE6538}.Debug|Any CPU.Build.0 = Debug|Any CPU
		{489CA6C6-8AD0-4887-BF9A-715F71CE6538}.Release|Any CPU.ActiveCfg = Release|Any CPU
		{489CA6C6-8AD0-4887-BF9A-715F71CE6538}.Release|Any CPU.Build.0 = Release|Any CPU
		{70D1182C-4284-45F3-A785-92B347AB22E1}.Debug|Any CPU.ActiveCfg = Debug|Any CPU
		{70D1182C-4284-45F3-A785-92B347AB22E1}.Debug|Any CPU.Build.0 = Debug|Any CPU
		{70D1182C-4284-45F3-A785-92B347AB22E1}.Release|Any CPU.ActiveCfg = Release|Any CPU
		{70D1182C-4284-45F3-A785-92B347AB22E1}.Release|Any CPU.Build.0 = Release|Any CPU
		{5AC6FD56-8016-4311-9490-E977608F1F29}.Debug|Any CPU.ActiveCfg = Debug|Any CPU
		{5AC6FD56-8016-4311-9490-E977608F1F29}.Debug|Any CPU.Build.0 = Debug|Any CPU
		{5AC6FD56-8016-4311-9490-E977608F1F29}.Release|Any CPU.ActiveCfg = Release|Any CPU
		{5AC6FD56-8016-4311-9490-E977608F1F29}.Release|Any CPU.Build.0 = Release|Any CPU
		{8A46ACB4-AD8C-4ACA-8CC1-BAAB2603AF33}.Debug|Any CPU.ActiveCfg = Debug|Any CPU
		{8A46ACB4-AD8C-4ACA-8CC1-BAAB2603AF33}.Debug|Any CPU.Build.0 = Debug|Any CPU
		{8A46ACB4-AD8C-4ACA-8CC1-BAAB2603AF33}.Release|Any CPU.ActiveCfg = Release|Any CPU
		{8A46ACB4-AD8C-4ACA-8CC1-BAAB2603AF33}.Release|Any CPU.Build.0 = Release|Any CPU
		{2574F603-4B6C-4A30-BFDD-E3BC09EEDFDF}.Debug|Any CPU.ActiveCfg = Debug|Any CPU
		{2574F603-4B6C-4A30-BFDD-E3BC09EEDFDF}.Debug|Any CPU.Build.0 = Debug|Any CPU
		{2574F603-4B6C-4A30-BFDD-E3BC09EEDFDF}.Release|Any CPU.ActiveCfg = Release|Any CPU
		{2574F603-4B6C-4A30-BFDD-E3BC09EEDFDF}.Release|Any CPU.Build.0 = Release|Any CPU
		{115C7435-DD02-4F3D-AC54-C78018A9DA71}.Debug|Any CPU.ActiveCfg = Debug|Any CPU
		{115C7435-DD02-4F3D-AC54-C78018A9DA71}.Debug|Any CPU.Build.0 = Debug|Any CPU
		{115C7435-DD02-4F3D-AC54-C78018A9DA71}.Release|Any CPU.ActiveCfg = Release|Any CPU
		{115C7435-DD02-4F3D-AC54-C78018A9DA71}.Release|Any CPU.Build.0 = Release|Any CPU
		{7163238F-E9AC-4039-AB27-8C10C85A97A8}.Debug|Any CPU.ActiveCfg = Debug|Any CPU
		{7163238F-E9AC-4039-AB27-8C10C85A97A8}.Debug|Any CPU.Build.0 = Debug|Any CPU
		{7163238F-E9AC-4039-AB27-8C10C85A97A8}.Release|Any CPU.ActiveCfg = Release|Any CPU
		{7163238F-E9AC-4039-AB27-8C10C85A97A8}.Release|Any CPU.Build.0 = Release|Any CPU
		{7E66930C-CE56-4B82-8963-E7E346F9E78E}.Debug|Any CPU.ActiveCfg = Debug|Any CPU
		{7E66930C-CE56-4B82-8963-E7E346F9E78E}.Debug|Any CPU.Build.0 = Debug|Any CPU
		{7E66930C-CE56-4B82-8963-E7E346F9E78E}.Release|Any CPU.ActiveCfg = Release|Any CPU
		{7E66930C-CE56-4B82-8963-E7E346F9E78E}.Release|Any CPU.Build.0 = Release|Any CPU
		{BC7B7C8B-5B2E-4FCC-9619-1FDF1272496E}.Debug|Any CPU.ActiveCfg = Debug|Any CPU
		{BC7B7C8B-5B2E-4FCC-9619-1FDF1272496E}.Debug|Any CPU.Build.0 = Debug|Any CPU
		{BC7B7C8B-5B2E-4FCC-9619-1FDF1272496E}.Release|Any CPU.ActiveCfg = Release|Any CPU
		{BC7B7C8B-5B2E-4FCC-9619-1FDF1272496E}.Release|Any CPU.Build.0 = Release|Any CPU
		{331ED846-C10A-4DE7-8294-A572A0937AD4}.Debug|Any CPU.ActiveCfg = Debug|Any CPU
		{331ED846-C10A-4DE7-8294-A572A0937AD4}.Debug|Any CPU.Build.0 = Debug|Any CPU
		{331ED846-C10A-4DE7-8294-A572A0937AD4}.Release|Any CPU.ActiveCfg = Release|Any CPU
		{331ED846-C10A-4DE7-8294-A572A0937AD4}.Release|Any CPU.Build.0 = Release|Any CPU
		{8E20F741-1AB4-4798-87DF-12407144716F}.Debug|Any CPU.ActiveCfg = Debug|Any CPU
		{8E20F741-1AB4-4798-87DF-12407144716F}.Debug|Any CPU.Build.0 = Debug|Any CPU
		{8E20F741-1AB4-4798-87DF-12407144716F}.Release|Any CPU.ActiveCfg = Release|Any CPU
		{8E20F741-1AB4-4798-87DF-12407144716F}.Release|Any CPU.Build.0 = Release|Any CPU
		{D2E07440-2D4D-4E63-B9D4-F238A1891F3D}.Debug|Any CPU.ActiveCfg = Debug|Any CPU
		{D2E07440-2D4D-4E63-B9D4-F238A1891F3D}.Debug|Any CPU.Build.0 = Debug|Any CPU
		{D2E07440-2D4D-4E63-B9D4-F238A1891F3D}.Release|Any CPU.ActiveCfg = Release|Any CPU
		{D2E07440-2D4D-4E63-B9D4-F238A1891F3D}.Release|Any CPU.Build.0 = Release|Any CPU
		{56F7272C-9531-4333-93A5-FA65DAD74E50}.Debug|Any CPU.ActiveCfg = Debug|Any CPU
		{56F7272C-9531-4333-93A5-FA65DAD74E50}.Debug|Any CPU.Build.0 = Debug|Any CPU
		{56F7272C-9531-4333-93A5-FA65DAD74E50}.Release|Any CPU.ActiveCfg = Release|Any CPU
		{56F7272C-9531-4333-93A5-FA65DAD74E50}.Release|Any CPU.Build.0 = Release|Any CPU
		{3F50B46E-AF08-4E59-AF9B-E2514AFFEC10}.Debug|Any CPU.ActiveCfg = Debug|Any CPU
		{3F50B46E-AF08-4E59-AF9B-E2514AFFEC10}.Debug|Any CPU.Build.0 = Debug|Any CPU
		{3F50B46E-AF08-4E59-AF9B-E2514AFFEC10}.Release|Any CPU.ActiveCfg = Release|Any CPU
		{3F50B46E-AF08-4E59-AF9B-E2514AFFEC10}.Release|Any CPU.Build.0 = Release|Any CPU
		{31C8560C-FD72-49B6-939E-B6D317CE4240}.Debug|Any CPU.ActiveCfg = Debug|Any CPU
		{31C8560C-FD72-49B6-939E-B6D317CE4240}.Debug|Any CPU.Build.0 = Debug|Any CPU
		{31C8560C-FD72-49B6-939E-B6D317CE4240}.Release|Any CPU.ActiveCfg = Release|Any CPU
		{31C8560C-FD72-49B6-939E-B6D317CE4240}.Release|Any CPU.Build.0 = Release|Any CPU
		{69288061-7708-4A33-A9F2-836891D06466}.Debug|Any CPU.ActiveCfg = Debug|Any CPU
		{69288061-7708-4A33-A9F2-836891D06466}.Debug|Any CPU.Build.0 = Debug|Any CPU
		{69288061-7708-4A33-A9F2-836891D06466}.Release|Any CPU.ActiveCfg = Release|Any CPU
		{69288061-7708-4A33-A9F2-836891D06466}.Release|Any CPU.Build.0 = Release|Any CPU
		{D5458575-189A-4027-A22B-33EB8830AB7F}.Debug|Any CPU.ActiveCfg = Debug|Any CPU
		{D5458575-189A-4027-A22B-33EB8830AB7F}.Debug|Any CPU.Build.0 = Debug|Any CPU
		{D5458575-189A-4027-A22B-33EB8830AB7F}.Release|Any CPU.ActiveCfg = Release|Any CPU
		{D5458575-189A-4027-A22B-33EB8830AB7F}.Release|Any CPU.Build.0 = Release|Any CPU
		{BC702E86-CB8A-41E0-91F6-940B3DEF0FA4}.Debug|Any CPU.ActiveCfg = Debug|Any CPU
		{BC702E86-CB8A-41E0-91F6-940B3DEF0FA4}.Debug|Any CPU.Build.0 = Debug|Any CPU
		{BC702E86-CB8A-41E0-91F6-940B3DEF0FA4}.Release|Any CPU.ActiveCfg = Release|Any CPU
		{BC702E86-CB8A-41E0-91F6-940B3DEF0FA4}.Release|Any CPU.Build.0 = Release|Any CPU
		{57F90D3F-5419-4AEF-B966-98104F3A7692}.Debug|Any CPU.ActiveCfg = Debug|Any CPU
		{57F90D3F-5419-4AEF-B966-98104F3A7692}.Debug|Any CPU.Build.0 = Debug|Any CPU
		{57F90D3F-5419-4AEF-B966-98104F3A7692}.Release|Any CPU.ActiveCfg = Release|Any CPU
		{57F90D3F-5419-4AEF-B966-98104F3A7692}.Release|Any CPU.Build.0 = Release|Any CPU
		{9CEA7F66-3C85-45E9-880A-F0A01A3D05AA}.Debug|Any CPU.ActiveCfg = Debug|Any CPU
		{9CEA7F66-3C85-45E9-880A-F0A01A3D05AA}.Debug|Any CPU.Build.0 = Debug|Any CPU
		{9CEA7F66-3C85-45E9-880A-F0A01A3D05AA}.Release|Any CPU.ActiveCfg = Release|Any CPU
		{9CEA7F66-3C85-45E9-880A-F0A01A3D05AA}.Release|Any CPU.Build.0 = Release|Any CPU
		{1AF5354B-2A0C-48BF-9827-C40098B0E878}.Debug|Any CPU.ActiveCfg = Debug|Any CPU
		{1AF5354B-2A0C-48BF-9827-C40098B0E878}.Debug|Any CPU.Build.0 = Debug|Any CPU
		{1AF5354B-2A0C-48BF-9827-C40098B0E878}.Release|Any CPU.ActiveCfg = Release|Any CPU
		{1AF5354B-2A0C-48BF-9827-C40098B0E878}.Release|Any CPU.Build.0 = Release|Any CPU
	EndGlobalSection
	GlobalSection(SolutionProperties) = preSolution
		HideSolutionNode = FALSE
	EndGlobalSection
	GlobalSection(NestedProjects) = preSolution
		{8A46ACB4-AD8C-4ACA-8CC1-BAAB2603AF33} = {AC432480-F548-4701-A647-4DBE14F3915A}
		{115C7435-DD02-4F3D-AC54-C78018A9DA71} = {AC432480-F548-4701-A647-4DBE14F3915A}
		{7163238F-E9AC-4039-AB27-8C10C85A97A8} = {AC432480-F548-4701-A647-4DBE14F3915A}
		{7E66930C-CE56-4B82-8963-E7E346F9E78E} = {AC432480-F548-4701-A647-4DBE14F3915A}
		{BC7B7C8B-5B2E-4FCC-9619-1FDF1272496E} = {AC432480-F548-4701-A647-4DBE14F3915A}
		{331ED846-C10A-4DE7-8294-A572A0937AD4} = {AC432480-F548-4701-A647-4DBE14F3915A}
		{8E20F741-1AB4-4798-87DF-12407144716F} = {AC432480-F548-4701-A647-4DBE14F3915A}
		{D2E07440-2D4D-4E63-B9D4-F238A1891F3D} = {84ECFC9D-490F-4667-86EA-D07B1290AD7D}
		{AC432480-F548-4701-A647-4DBE14F3915A} = {C12B3ACD-673B-4920-AED5-D24D9EC66D27}
		{56F7272C-9531-4333-93A5-FA65DAD74E50} = {84ECFC9D-490F-4667-86EA-D07B1290AD7D}
		{84ECFC9D-490F-4667-86EA-D07B1290AD7D} = {C12B3ACD-673B-4920-AED5-D24D9EC66D27}
		{59F412EA-8F7F-4BFC-A6F7-3EDB9A0F5686} = {C12B3ACD-673B-4920-AED5-D24D9EC66D27}
		{3F50B46E-AF08-4E59-AF9B-E2514AFFEC10} = {59F412EA-8F7F-4BFC-A6F7-3EDB9A0F5686}
		{31C8560C-FD72-49B6-939E-B6D317CE4240} = {59F412EA-8F7F-4BFC-A6F7-3EDB9A0F5686}
		{4DEF597B-86E9-41FB-9572-52C15261E60E} = {C12B3ACD-673B-4920-AED5-D24D9EC66D27}
		{69288061-7708-4A33-A9F2-836891D06466} = {4DEF597B-86E9-41FB-9572-52C15261E60E}
		{D5458575-189A-4027-A22B-33EB8830AB7F} = {4DEF597B-86E9-41FB-9572-52C15261E60E}
		{BC702E86-CB8A-41E0-91F6-940B3DEF0FA4} = {4DEF597B-86E9-41FB-9572-52C15261E60E}
		{57F90D3F-5419-4AEF-B966-98104F3A7692} = {4DEF597B-86E9-41FB-9572-52C15261E60E}
		{9CEA7F66-3C85-45E9-880A-F0A01A3D05AA} = {4DEF597B-86E9-41FB-9572-52C15261E60E}
		{1AF5354B-2A0C-48BF-9827-C40098B0E878} = {4DEF597B-86E9-41FB-9572-52C15261E60E}
	EndGlobalSection
	GlobalSection(ExtensibilityGlobals) = postSolution
		SolutionGuid = {8FE4FA38-8979-4630-AF8A-8585CC5F99FC}
	EndGlobalSection
EndGlobal
