
Microsoft Visual Studio Solution File, Format Version 12.00
# Visual Studio Version 16
VisualStudioVersion = 16.0.30225.117
MinimumVisualStudioVersion = 10.0.40219.1
Project("{FAE04EC0-301F-11D3-BF4B-00C04F79EFBC}") = "WinformsApp1", "WinformsApp1.csproj", "{489CA6C6-8AD0-4887-BF9A-715F71CE6538}"
EndProject
Project("{FAE04EC0-301F-11D3-BF4B-00C04F79EFBC}") = "WebApplication1", "..\WebApplication1\WebApplication1.csproj", "{70D1182C-4284-45F3-A785-92B347AB22E1}"
EndProject
Project("{FAE04EC0-301F-11D3-BF4B-00C04F79EFBC}") = "ConsoleApp1", "..\ConsoleApp1\ConsoleApp1.csproj", "{5AC6FD56-8016-4311-9490-E977608F1F29}"
EndProject
Project("{FAE04EC0-301F-11D3-BF4B-00C04F79EFBC}") = "Chat", "..\Chat\Chat.csproj", "{8A46ACB4-AD8C-4ACA-8CC1-BAAB2603AF33}"
EndProject
Project("{FAE04EC0-301F-11D3-BF4B-00C04F79EFBC}") = "TypeScriptHTMLApp1", "..\TypeScriptHTMLApp1\TypeScriptHTMLApp1.csproj", "{2574F603-4B6C-4A30-BFDD-E3BC09EEDFDF}"
EndProject
Project("{2150E333-8FDC-42A3-9474-1A3956D46DE8}") = "Projects", "Projects", "{C12B3ACD-673B-4920-AED5-D24D9EC66D27}"
EndProject
Project("{FAE04EC0-301F-11D3-BF4B-00C04F79EFBC}") = "Chat.Winforms", "..\Chat.Winforms\Chat.Winforms.csproj", "{115C7435-DD02-4F3D-AC54-C78018A9DA71}"
EndProject
Project("{FAE04EC0-301F-11D3-BF4B-00C04F79EFBC}") = "Chat.Web", "..\Chat.Web\Chat.Web.csproj", "{7163238F-E9AC-4039-AB27-8C10C85A97A8}"
EndProject
Project("{FAE04EC0-301F-11D3-BF4B-00C04F79EFBC}") = "Chat.DAL", "..\Chat.DAL\Chat.DAL.csproj", "{7E66930C-CE56-4B82-8963-E7E346F9E78E}"
EndProject
Project("{FAE04EC0-301F-11D3-BF4B-00C04F79EFBC}") = "Chat.BL", "..\Chat.BL\Chat.BL.csproj", "{BC7B7C8B-5B2E-4FCC-9619-1FDF1272496E}"
EndProject
Project("{FAE04EC0-301F-11D3-BF4B-00C04F79EFBC}") = "Chat.WebClient", "..\Chat.WebClient\Chat.WebClient.csproj", "{331ED846-C10A-4DE7-8294-A572A0937AD4}"
EndProject
Global
	GlobalSection(SolutionConfigurationPlatforms) = preSolution
		Debug|Any CPU = Debug|Any CPU
		Release|Any CPU = Release|Any CPU
	EndGlobalSection
	GlobalSection(ProjectConfigurationPlatforms) = postSolution
		{489CA6C6-8AD0-4887-BF9A-715F71CE6538}.Debug|Any CPU.ActiveCfg = Debug|Any CPU
		{489CA6C6-8AD0-4887-BF9A-715F71CE6538}.Debug|Any CPU.Build.0 = Debug|Any CPU
		{489CA6C6-8AD0-4887-BF9A-715F71CE6538}.Release|Any CPU.ActiveCfg = Release|Any CPU
		{489CA6C6-8AD0-4887-BF9A-715F71CE6538}.Release|Any CPU.Build.0 = Release|Any CPU
		{70D1182C-4284-45F3-A785-92B347AB22E1}.Debug|Any CPU.ActiveCfg = Debug|Any CPU
		{70D1182C-4284-45F3-A785-92B347AB22E1}.Debug|Any CPU.Build.0 = Debug|Any CPU
		{70D1182C-4284-45F3-A785-92B347AB22E1}.Release|Any CPU.ActiveCfg = Release|Any CPU
		{70D1182C-4284-45F3-A785-92B347AB22E1}.Release|Any CPU.Build.0 = Release|Any CPU
		{5AC6FD56-8016-4311-9490-E977608F1F29}.Debug|Any CPU.ActiveCfg = Debug|Any CPU
		{5AC6FD56-8016-4311-9490-E977608F1F29}.Debug|Any CPU.Build.0 = Debug|Any CPU
		{5AC6FD56-8016-4311-9490-E977608F1F29}.Release|Any CPU.ActiveCfg = Release|Any CPU
		{5AC6FD56-8016-4311-9490-E977608F1F29}.Release|Any CPU.Build.0 = Release|Any CPU
		{8A46ACB4-AD8C-4ACA-8CC1-BAAB2603AF33}.Debug|Any CPU.ActiveCfg = Debug|Any CPU
		{8A46ACB4-AD8C-4ACA-8CC1-BAAB2603AF33}.Debug|Any CPU.Build.0 = Debug|Any CPU
		{8A46ACB4-AD8C-4ACA-8CC1-BAAB2603AF33}.Release|Any CPU.ActiveCfg = Release|Any CPU
		{8A46ACB4-AD8C-4ACA-8CC1-BAAB2603AF33}.Release|Any CPU.Build.0 = Release|Any CPU
		{2574F603-4B6C-4A30-BFDD-E3BC09EEDFDF}.Debug|Any CPU.ActiveCfg = Debug|Any CPU
		{2574F603-4B6C-4A30-BFDD-E3BC09EEDFDF}.Debug|Any CPU.Build.0 = Debug|Any CPU
		{2574F603-4B6C-4A30-BFDD-E3BC09EEDFDF}.Release|Any CPU.ActiveCfg = Release|Any CPU
		{2574F603-4B6C-4A30-BFDD-E3BC09EEDFDF}.Release|Any CPU.Build.0 = Release|Any CPU
		{115C7435-DD02-4F3D-AC54-C78018A9DA71}.Debug|Any CPU.ActiveCfg = Debug|Any CPU
		{115C7435-DD02-4F3D-AC54-C78018A9DA71}.Debug|Any CPU.Build.0 = Debug|Any CPU
		{115C7435-DD02-4F3D-AC54-C78018A9DA71}.Release|Any CPU.ActiveCfg = Release|Any CPU
		{115C7435-DD02-4F3D-AC54-C78018A9DA71}.Release|Any CPU.Build.0 = Release|Any CPU
		{7163238F-E9AC-4039-AB27-8C10C85A97A8}.Debug|Any CPU.ActiveCfg = Debug|Any CPU
		{7163238F-E9AC-4039-AB27-8C10C85A97A8}.Debug|Any CPU.Build.0 = Debug|Any CPU
		{7163238F-E9AC-4039-AB27-8C10C85A97A8}.Release|Any CPU.ActiveCfg = Release|Any CPU
		{7163238F-E9AC-4039-AB27-8C10C85A97A8}.Release|Any CPU.Build.0 = Release|Any CPU
		{7E66930C-CE56-4B82-8963-E7E346F9E78E}.Debug|Any CPU.ActiveCfg = Debug|Any CPU
		{7E66930C-CE56-4B82-8963-E7E346F9E78E}.Debug|Any CPU.Build.0 = Debug|Any CPU
		{7E66930C-CE56-4B82-8963-E7E346F9E78E}.Release|Any CPU.ActiveCfg = Release|Any CPU
		{7E66930C-CE56-4B82-8963-E7E346F9E78E}.Release|Any CPU.Build.0 = Release|Any CPU
		{BC7B7C8B-5B2E-4FCC-9619-1FDF1272496E}.Debug|Any CPU.ActiveCfg = Debug|Any CPU
		{BC7B7C8B-5B2E-4FCC-9619-1FDF1272496E}.Debug|Any CPU.Build.0 = Debug|Any CPU
		{BC7B7C8B-5B2E-4FCC-9619-1FDF1272496E}.Release|Any CPU.ActiveCfg = Release|Any CPU
		{BC7B7C8B-5B2E-4FCC-9619-1FDF1272496E}.Release|Any CPU.Build.0 = Release|Any CPU
		{331ED846-C10A-4DE7-8294-A572A0937AD4}.Debug|Any CPU.ActiveCfg = Debug|Any CPU
		{331ED846-C10A-4DE7-8294-A572A0937AD4}.Debug|Any CPU.Build.0 = Debug|Any CPU
		{331ED846-C10A-4DE7-8294-A572A0937AD4}.Release|Any CPU.ActiveCfg = Release|Any CPU
		{331ED846-C10A-4DE7-8294-A572A0937AD4}.Release|Any CPU.Build.0 = Release|Any CPU
	EndGlobalSection
	GlobalSection(SolutionProperties) = preSolution
		HideSolutionNode = FALSE
	EndGlobalSection
	GlobalSection(NestedProjects) = preSolution
		{8A46ACB4-AD8C-4ACA-8CC1-BAAB2603AF33} = {C12B3ACD-673B-4920-AED5-D24D9EC66D27}
		{115C7435-DD02-4F3D-AC54-C78018A9DA71} = {C12B3ACD-673B-4920-AED5-D24D9EC66D27}
		{7163238F-E9AC-4039-AB27-8C10C85A97A8} = {C12B3ACD-673B-4920-AED5-D24D9EC66D27}
		{7E66930C-CE56-4B82-8963-E7E346F9E78E} = {C12B3ACD-673B-4920-AED5-D24D9EC66D27}
		{BC7B7C8B-5B2E-4FCC-9619-1FDF1272496E} = {C12B3ACD-673B-4920-AED5-D24D9EC66D27}
		{331ED846-C10A-4DE7-8294-A572A0937AD4} = {C12B3ACD-673B-4920-AED5-D24D9EC66D27}
	EndGlobalSection
	GlobalSection(ExtensibilityGlobals) = postSolution
		SolutionGuid = {8FE4FA38-8979-4630-AF8A-8585CC5F99FC}
	EndGlobalSection
EndGlobal
